
Microsoft Visual Studio Solution File, Format Version 12.00
# Visual Studio 15
VisualStudioVersion = 15.0.27130.2003
MinimumVisualStudioVersion = 10.0.40219.1
Project("{8BC9CEB8-8B4A-11D0-8D11-00A0C91BC942}") = "图形界面蛇", "图形界面蛇\图形界面蛇.vcxproj", "{1DB57A86-0A57-42B9-9511-D3765F26B7FD}"
EndProject
Global
	GlobalSection(SolutionConfigurationPlatforms) = preSolution
		Debug|x64 = Debug|x64
		Debug|x86 = Debug|x86
		Release|x64 = Release|x64
		Release|x86 = Release|x86
	EndGlobalSection
	GlobalSection(ProjectConfigurationPlatforms) = postSolution
		{1DB57A86-0A57-42B9-9511-D3765F26B7FD}.Debug|x64.ActiveCfg = Debug|x64
		{1DB57A86-0A57-42B9-9511-D3765F26B7FD}.Debug|x64.Build.0 = Debug|x64
		{1DB57A86-0A57-42B9-9511-D3765F26B7FD}.Debug|x86.ActiveCfg = Debug|Win32
		{1DB57A86-0A57-42B9-9511-D3765F26B7FD}.Debug|x86.Build.0 = Debug|Win32
		{1DB57A86-0A57-42B9-9511-D3765F26B7FD}.Release|x64.ActiveCfg = Release|x64
		{1DB57A86-0A57-42B9-9511-D3765F26B7FD}.Release|x64.Build.0 = Release|x64
		{1DB57A86-0A57-42B9-9511-D3765F26B7FD}.Release|x86.ActiveCfg = Release|Win32
		{1DB57A86-0A57-42B9-9511-D3765F26B7FD}.Release|x86.Build.0 = Release|Win32
	EndGlobalSection
	GlobalSection(SolutionProperties) = preSolution
		HideSolutionNode = FALSE
	EndGlobalSection
	GlobalSection(ExtensibilityGlobals) = postSolution
		SolutionGuid = {E0A41142-05BD-41EA-BB11-6F6423E49061}
	EndGlobalSection
EndGlobal
